{
  "object": {
    "pins": [
      {
        "package": "BottomSheet",
        "repositoryURL": "https://github.com/Wouter125/BottomSheet",
        "state": {
          "branch": null,
          "revision": "f26f353d98d3265ca594666b34dfab28ddd6f896",
          "version": "1.1.0"
        }
      }
    ]
  },
  "version": 1
}
