{
  "object": {
    "pins": [
      {
        "package": "BottomSheet",
        "repositoryURL": "https://github.com/Wouter125/BottomSheet",
        "state": {
          "branch": null,
          "revision": "5e4c3798dda01033876864c62fce585e09672389",
          "version": "1.2.1"
        }
      }
    ]
  },
  "version": 1
}
