{
  "object": {
    "pins": [
      {
        "package": "BottomSheet",
        "repositoryURL": "https://github.com/Wouter125/BottomSheet",
        "state": {
          "branch": null,
          "revision": "114d197781d32917fe61d547eb36c6783efd6843",
          "version": "1.4.0"
        }
      }
    ]
  },
  "version": 1
}
