// !$*UTF8*$!
{
	archiveVersion = 1;
	classes = {
	};
	objectVersion = 55;
	objects = {

/* Begin PBXBuildFile section */
		6C0B59F127DAB989006D979A /* BottomSheet in Frameworks */ = {isa = PBXBuildFile; productRef = 6C0B59F027DAB989006D979A /* BottomSheet */; };
		6C0BD46D27DA862D000AF3CD /* BottomSheetExampleApp.swift in Sources */ = {isa = PBXBuildFile; fileRef = 6C0BD46C27DA862D000AF3CD /* BottomSheetExampleApp.swift */; };
		6C0BD46F27DA862D000AF3CD /* ContentView.swift in Sources */ = {isa = PBXBuildFile; fileRef = 6C0BD46E27DA862D000AF3CD /* ContentView.swift */; };
		6C0BD47127DA862D000AF3CD /* Assets.xcassets in Resources */ = {isa = PBXBuildFile; fileRef = 6C0BD47027DA862D000AF3CD /* Assets.xcassets */; };
		6C0BD47427DA862D000AF3CD /* Preview Assets.xcassets in Resources */ = {isa = PBXBuildFile; fileRef = 6C0BD47327DA862D000AF3CD /* Preview Assets.xcassets */; };
		6C763147283D774500463709 /* ExampleOverview.swift in Sources */ = {isa = PBXBuildFile; fileRef = 6C763146283D774500463709 /* ExampleOverview.swift */; };
		6CDF5A0D27ED33C7004609F4 /* CornerRadius.swift in Sources */ = {isa = PBXBuildFile; fileRef = 6CDF5A0C27ED33C7004609F4 /* CornerRadius.swift */; };
/* End PBXBuildFile section */

/* Begin PBXFileReference section */
		6C0BD46927DA862D000AF3CD /* BottomSheetExample.app */ = {isa = PBXFileReference; explicitFileType = wrapper.application; includeInIndex = 0; path = BottomSheetExample.app; sourceTree = BUILT_PRODUCTS_DIR; };
		6C0BD46C27DA862D000AF3CD /* BottomSheetExampleApp.swift */ = {isa = PBXFileReference; lastKnownFileType = sourcecode.swift; path = BottomSheetExampleApp.swift; sourceTree = "<group>"; };
		6C0BD46E27DA862D000AF3CD /* ContentView.swift */ = {isa = PBXFileReference; lastKnownFileType = sourcecode.swift; path = ContentView.swift; sourceTree = "<group>"; };
		6C0BD47027DA862D000AF3CD /* Assets.xcassets */ = {isa = PBXFileReference; lastKnownFileType = folder.assetcatalog; path = Assets.xcassets; sourceTree = "<group>"; };
		6C0BD47327DA862D000AF3CD /* Preview Assets.xcassets */ = {isa = PBXFileReference; lastKnownFileType = folder.assetcatalog; path = "Preview Assets.xcassets"; sourceTree = "<group>"; };
		6C763146283D774500463709 /* ExampleOverview.swift */ = {isa = PBXFileReference; lastKnownFileType = sourcecode.swift; path = ExampleOverview.swift; sourceTree = "<group>"; };
		6CDF5A0C27ED33C7004609F4 /* CornerRadius.swift */ = {isa = PBXFileReference; lastKnownFileType = sourcecode.swift; path = CornerRadius.swift; sourceTree = "<group>"; };
/* End PBXFileReference section */

/* Begin PBXFrameworksBuildPhase section */
		6C0BD46627DA862D000AF3CD /* Frameworks */ = {
			isa = PBXFrameworksBuildPhase;
			buildActionMask = 2147483647;
			files = (
				6C0B59F127DAB989006D979A /* BottomSheet in Frameworks */,
			);
			runOnlyForDeploymentPostprocessing = 0;
		};
/* End PBXFrameworksBuildPhase section */

/* Begin PBXGroup section */
		6C0BD46027DA862C000AF3CD = {
			isa = PBXGroup;
			children = (
				6C0BD46B27DA862D000AF3CD /* BottomSheetExample */,
				6C0BD46A27DA862D000AF3CD /* Products */,
				6C0BD47A27DA87A1000AF3CD /* Frameworks */,
			);
			sourceTree = "<group>";
		};
		6C0BD46A27DA862D000AF3CD /* Products */ = {
			isa = PBXGroup;
			children = (
				6C0BD46927DA862D000AF3CD /* BottomSheetExample.app */,
			);
			name = Products;
			sourceTree = "<group>";
		};
		6C0BD46B27DA862D000AF3CD /* BottomSheetExample */ = {
			isa = PBXGroup;
			children = (
				6C0BD46C27DA862D000AF3CD /* BottomSheetExampleApp.swift */,
				6C763146283D774500463709 /* ExampleOverview.swift */,
				6C0BD46E27DA862D000AF3CD /* ContentView.swift */,
				6CDF5A0E27ED33D3004609F4 /* View Modifiers */,
				6C0BD47027DA862D000AF3CD /* Assets.xcassets */,
				6C0BD47227DA862D000AF3CD /* Preview Content */,
			);
			path = BottomSheetExample;
			sourceTree = "<group>";
		};
		6C0BD47227DA862D000AF3CD /* Preview Content */ = {
			isa = PBXGroup;
			children = (
				6C0BD47327DA862D000AF3CD /* Preview Assets.xcassets */,
			);
			path = "Preview Content";
			sourceTree = "<group>";
		};
		6C0BD47A27DA87A1000AF3CD /* Frameworks */ = {
			isa = PBXGroup;
			children = (
			);
			name = Frameworks;
			sourceTree = "<group>";
		};
		6CDF5A0E27ED33D3004609F4 /* View Modifiers */ = {
			isa = PBXGroup;
			children = (
				6CDF5A0C27ED33C7004609F4 /* CornerRadius.swift */,
			);
			path = "View Modifiers";
			sourceTree = "<group>";
		};
/* End PBXGroup section */

/* Begin PBXNativeTarget section */
		6C0BD46827DA862D000AF3CD /* BottomSheetExample */ = {
			isa = PBXNativeTarget;
			buildConfigurationList = 6C0BD47727DA862D000AF3CD /* Build configuration list for PBXNativeTarget "BottomSheetExample" */;
			buildPhases = (
				6C0BD46527DA862D000AF3CD /* Sources */,
				6C0BD46627DA862D000AF3CD /* Frameworks */,
				6C0BD46727DA862D000AF3CD /* Resources */,
			);
			buildRules = (
			);
			dependencies = (
			);
			name = BottomSheetExample;
			packageProductDependencies = (
				6C0B59F027DAB989006D979A /* BottomSheet */,
			);
			productName = BottomSheetExample;
			productReference = 6C0BD46927DA862D000AF3CD /* BottomSheetExample.app */;
			productType = "com.apple.product-type.application";
		};
/* End PBXNativeTarget section */

/* Begin PBXProject section */
		6C0BD46127DA862C000AF3CD /* Project object */ = {
			isa = PBXProject;
			attributes = {
				BuildIndependentTargetsInParallel = 1;
				LastSwiftUpdateCheck = 1320;
				LastUpgradeCheck = 1320;
				TargetAttributes = {
					6C0BD46827DA862D000AF3CD = {
						CreatedOnToolsVersion = 13.2.1;
					};
				};
			};
			buildConfigurationList = 6C0BD46427DA862C000AF3CD /* Build configuration list for PBXProject "BottomSheetExample" */;
			compatibilityVersion = "Xcode 13.0";
			developmentRegion = en;
			hasScannedForEncodings = 0;
			knownRegions = (
				en,
				Base,
			);
			mainGroup = 6C0BD46027DA862C000AF3CD;
			packageReferences = (
				6C0B59EF27DAB989006D979A /* XCRemoteSwiftPackageReference "BottomSheet" */,
			);
			productRefGroup = 6C0BD46A27DA862D000AF3CD /* Products */;
			projectDirPath = "";
			projectRoot = "";
			targets = (
				6C0BD46827DA862D000AF3CD /* BottomSheetExample */,
			);
		};
/* End PBXProject section */

/* Begin PBXResourcesBuildPhase section */
		6C0BD46727DA862D000AF3CD /* Resources */ = {
			isa = PBXResourcesBuildPhase;
			buildActionMask = 2147483647;
			files = (
				6C0BD47427DA862D000AF3CD /* Preview Assets.xcassets in Resources */,
				6C0BD47127DA862D000AF3CD /* Assets.xcassets in Resources */,
			);
			runOnlyForDeploymentPostprocessing = 0;
		};
/* End PBXResourcesBuildPhase section */

/* Begin PBXSourcesBuildPhase section */
		6C0BD46527DA862D000AF3CD /* Sources */ = {
			isa = PBXSourcesBuildPhase;
			buildActionMask = 2147483647;
			files = (
				6C0BD46F27DA862D000AF3CD /* ContentView.swift in Sources */,
				6C0BD46D27DA862D000AF3CD /* BottomSheetExampleApp.swift in Sources */,
				6CDF5A0D27ED33C7004609F4 /* CornerRadius.swift in Sources */,
				6C763147283D774500463709 /* ExampleOverview.swift in Sources */,
			);
			runOnlyForDeploymentPostprocessing = 0;
		};
/* End PBXSourcesBuildPhase section */

/* Begin XCBuildConfiguration section */
		6C0BD47527DA862D000AF3CD /* Debug */ = {
			isa = XCBuildConfiguration;
			buildSettings = {
				ALWAYS_SEARCH_USER_PATHS = NO;
				CLANG_ANALYZER_NONNULL = YES;
				CLANG_ANALYZER_NUMBER_OBJECT_CONVERSION = YES_AGGRESSIVE;
				CLANG_CXX_LANGUAGE_STANDARD = "gnu++17";
				CLANG_CXX_LIBRARY = "libc++";
				CLANG_ENABLE_MODULES = YES;
				CLANG_ENABLE_OBJC_ARC = YES;
				CLANG_ENABLE_OBJC_WEAK = YES;
				CLANG_WARN_BLOCK_CAPTURE_AUTORELEASING = YES;
				CLANG_WARN_BOOL_CONVERSION = YES;
				CLANG_WARN_COMMA = YES;
				CLANG_WARN_CONSTANT_CONVERSION = YES;
				CLANG_WARN_DEPRECATED_OBJC_IMPLEMENTATIONS = YES;
				CLANG_WARN_DIRECT_OBJC_ISA_USAGE = YES_ERROR;
				CLANG_WARN_DOCUMENTATION_COMMENTS = YES;
				CLANG_WARN_EMPTY_BODY = YES;
				CLANG_WARN_ENUM_CONVERSION = YES;
				CLANG_WARN_INFINITE_RECURSION = YES;
				CLANG_WARN_INT_CONVERSION = YES;
				CLANG_WARN_NON_LITERAL_NULL_CONVERSION = YES;
				CLANG_WARN_OBJC_IMPLICIT_RETAIN_SELF = YES;
				CLANG_WARN_OBJC_LITERAL_CONVERSION = YES;
				CLANG_WARN_OBJC_ROOT_CLASS = YES_ERROR;
				CLANG_WARN_QUOTED_INCLUDE_IN_FRAMEWORK_HEADER = YES;
				CLANG_WARN_RANGE_LOOP_ANALYSIS = YES;
				CLANG_WARN_STRICT_PROTOTYPES = YES;
				CLANG_WARN_SUSPICIOUS_MOVE = YES;
				CLANG_WARN_UNGUARDED_AVAILABILITY = YES_AGGRESSIVE;
				CLANG_WARN_UNREACHABLE_CODE = YES;
				CLANG_WARN__DUPLICATE_METHOD_MATCH = YES;
				COPY_PHASE_STRIP = NO;
				DEBUG_INFORMATION_FORMAT = dwarf;
				ENABLE_STRICT_OBJC_MSGSEND = YES;
				ENABLE_TESTABILITY = YES;
				GCC_C_LANGUAGE_STANDARD = gnu11;
				GCC_DYNAMIC_NO_PIC = NO;
				GCC_NO_COMMON_BLOCKS = YES;
				GCC_OPTIMIZATION_LEVEL = 0;
				GCC_PREPROCESSOR_DEFINITIONS = (
					"DEBUG=1",
					"$(inherited)",
				);
				GCC_WARN_64_TO_32_BIT_CONVERSION = YES;
				GCC_WARN_ABOUT_RETURN_TYPE = YES_ERROR;
				GCC_WARN_UNDECLARED_SELECTOR = YES;
				GCC_WARN_UNINITIALIZED_AUTOS = YES_AGGRESSIVE;
				GCC_WARN_UNUSED_FUNCTION = YES;
				GCC_WARN_UNUSED_VARIABLE = YES;
				IPHONEOS_DEPLOYMENT_TARGET = 15.2;
				MTL_ENABLE_DEBUG_INFO = INCLUDE_SOURCE;
				MTL_FAST_MATH = YES;
				ONLY_ACTIVE_ARCH = YES;
				SDKROOT = iphoneos;
				SWIFT_ACTIVE_COMPILATION_CONDITIONS = DEBUG;
				SWIFT_OPTIMIZATION_LEVEL = "-Onone";
			};
			name = Debug;
		};
		6C0BD47627DA862D000AF3CD /* Release */ = {
			isa = XCBuildConfiguration;
			buildSettings = {
				ALWAYS_SEARCH_USER_PATHS = NO;
				CLANG_ANALYZER_NONNULL = YES;
				CLANG_ANALYZER_NUMBER_OBJECT_CONVERSION = YES_AGGRESSIVE;
				CLANG_CXX_LANGUAGE_STANDARD = "gnu++17";
				CLANG_CXX_LIBRARY = "libc++";
				CLANG_ENABLE_MODULES = YES;
				CLANG_ENABLE_OBJC_ARC = YES;
				CLANG_ENABLE_OBJC_WEAK = YES;
				CLANG_WARN_BLOCK_CAPTURE_AUTORELEASING = YES;
				CLANG_WARN_BOOL_CONVERSION = YES;
				CLANG_WARN_COMMA = YES;
				CLANG_WARN_CONSTANT_CONVERSION = YES;
				CLANG_WARN_DEPRECATED_OBJC_IMPLEMENTATIONS = YES;
				CLANG_WARN_DIRECT_OBJC_ISA_USAGE = YES_ERROR;
				CLANG_WARN_DOCUMENTATION_COMMENTS = YES;
				CLANG_WARN_EMPTY_BODY = YES;
				CLANG_WARN_ENUM_CONVERSION = YES;
				CLANG_WARN_INFINITE_RECURSION = YES;
				CLANG_WARN_INT_CONVERSION = YES;
				CLANG_WARN_NON_LITERAL_NULL_CONVERSION = YES;
				CLANG_WARN_OBJC_IMPLICIT_RETAIN_SELF = YES;
				CLANG_WARN_OBJC_LITERAL_CONVERSION = YES;
				CLANG_WARN_OBJC_ROOT_CLASS = YES_ERROR;
				CLANG_WARN_QUOTED_INCLUDE_IN_FRAMEWORK_HEADER = YES;
				CLANG_WARN_RANGE_LOOP_ANALYSIS = YES;
				CLANG_WARN_STRICT_PROTOTYPES = YES;
				CLANG_WARN_SUSPICIOUS_MOVE = YES;
				CLANG_WARN_UNGUARDED_AVAILABILITY = YES_AGGRESSIVE;
				CLANG_WARN_UNREACHABLE_CODE = YES;
				CLANG_WARN__DUPLICATE_METHOD_MATCH = YES;
				COPY_PHASE_STRIP = NO;
				DEBUG_INFORMATION_FORMAT = "dwarf-with-dsym";
				ENABLE_NS_ASSERTIONS = NO;
				ENABLE_STRICT_OBJC_MSGSEND = YES;
				GCC_C_LANGUAGE_STANDARD = gnu11;
				GCC_NO_COMMON_BLOCKS = YES;
				GCC_WARN_64_TO_32_BIT_CONVERSION = YES;
				GCC_WARN_ABOUT_RETURN_TYPE = YES_ERROR;
				GCC_WARN_UNDECLARED_SELECTOR = YES;
				GCC_WARN_UNINITIALIZED_AUTOS = YES_AGGRESSIVE;
				GCC_WARN_UNUSED_FUNCTION = YES;
				GCC_WARN_UNUSED_VARIABLE = YES;
				IPHONEOS_DEPLOYMENT_TARGET = 15.2;
				MTL_ENABLE_DEBUG_INFO = NO;
				MTL_FAST_MATH = YES;
				SDKROOT = iphoneos;
				SWIFT_COMPILATION_MODE = wholemodule;
				SWIFT_OPTIMIZATION_LEVEL = "-O";
				VALIDATE_PRODUCT = YES;
			};
			name = Release;
		};
		6C0BD47827DA862D000AF3CD /* Debug */ = {
			isa = XCBuildConfiguration;
			buildSettings = {
				ASSETCATALOG_COMPILER_APPICON_NAME = AppIcon;
				ASSETCATALOG_COMPILER_GLOBAL_ACCENT_COLOR_NAME = AccentColor;
				CODE_SIGN_STYLE = Automatic;
				CURRENT_PROJECT_VERSION = 1;
				DEVELOPMENT_ASSET_PATHS = "\"BottomSheetExample/Preview Content\"";
				DEVELOPMENT_TEAM = JU6AZT44CN;
				ENABLE_PREVIEWS = YES;
				GENERATE_INFOPLIST_FILE = YES;
				INFOPLIST_KEY_UIApplicationSceneManifest_Generation = YES;
				INFOPLIST_KEY_UIApplicationSupportsIndirectInputEvents = YES;
				INFOPLIST_KEY_UILaunchScreen_Generation = YES;
				INFOPLIST_KEY_UISupportedInterfaceOrientations = UIInterfaceOrientationPortrait;
				INFOPLIST_KEY_UISupportedInterfaceOrientations_iPad = "UIInterfaceOrientationPortrait UIInterfaceOrientationPortraitUpsideDown UIInterfaceOrientationLandscapeLeft UIInterfaceOrientationLandscapeRight";
				INFOPLIST_KEY_UISupportedInterfaceOrientations_iPhone = "UIInterfaceOrientationPortrait UIInterfaceOrientationLandscapeLeft UIInterfaceOrientationLandscapeRight";
				IPHONEOS_DEPLOYMENT_TARGET = 14.0;
				LD_RUNPATH_SEARCH_PATHS = (
					"$(inherited)",
					"@executable_path/Frameworks",
				);
				MARKETING_VERSION = 1.0;
				PRODUCT_BUNDLE_IDENTIFIER = com.chargetrip.BottomSheetExample;
				PRODUCT_NAME = "$(TARGET_NAME)";
				SWIFT_EMIT_LOC_STRINGS = YES;
				SWIFT_VERSION = 5.0;
				TARGETED_DEVICE_FAMILY = 1;
			};
			name = Debug;
		};
		6C0BD47927DA862D000AF3CD /* Release */ = {
			isa = XCBuildConfiguration;
			buildSettings = {
				ASSETCATALOG_COMPILER_APPICON_NAME = AppIcon;
				ASSETCATALOG_COMPILER_GLOBAL_ACCENT_COLOR_NAME = AccentColor;
				CODE_SIGN_STYLE = Automatic;
				CURRENT_PROJECT_VERSION = 1;
				DEVELOPMENT_ASSET_PATHS = "\"BottomSheetExample/Preview Content\"";
				DEVELOPMENT_TEAM = JU6AZT44CN;
				ENABLE_PREVIEWS = YES;
				GENERATE_INFOPLIST_FILE = YES;
				INFOPLIST_KEY_UIApplicationSceneManifest_Generation = YES;
				INFOPLIST_KEY_UIApplicationSupportsIndirectInputEvents = YES;
				INFOPLIST_KEY_UILaunchScreen_Generation = YES;
				INFOPLIST_KEY_UISupportedInterfaceOrientations = UIInterfaceOrientationPortrait;
				INFOPLIST_KEY_UISupportedInterfaceOrientations_iPad = "UIInterfaceOrientationPortrait UIInterfaceOrientationPortraitUpsideDown UIInterfaceOrientationLandscapeLeft UIInterfaceOrientationLandscapeRight";
				INFOPLIST_KEY_UISupportedInterfaceOrientations_iPhone = "UIInterfaceOrientationPortrait UIInterfaceOrientationLandscapeLeft UIInterfaceOrientationLandscapeRight";
				IPHONEOS_DEPLOYMENT_TARGET = 14.0;
				LD_RUNPATH_SEARCH_PATHS = (
					"$(inherited)",
					"@executable_path/Frameworks",
				);
				MARKETING_VERSION = 1.0;
				PRODUCT_BUNDLE_IDENTIFIER = com.chargetrip.BottomSheetExample;
				PRODUCT_NAME = "$(TARGET_NAME)";
				SWIFT_EMIT_LOC_STRINGS = YES;
				SWIFT_VERSION = 5.0;
				TARGETED_DEVICE_FAMILY = 1;
			};
			name = Release;
		};
/* End XCBuildConfiguration section */

/* Begin XCConfigurationList section */
		6C0BD46427DA862C000AF3CD /* Build configuration list for PBXProject "BottomSheetExample" */ = {
			isa = XCConfigurationList;
			buildConfigurations = (
				6C0BD47527DA862D000AF3CD /* Debug */,
				6C0BD47627DA862D000AF3CD /* Release */,
			);
			defaultConfigurationIsVisible = 0;
			defaultConfigurationName = Release;
		};
		6C0BD47727DA862D000AF3CD /* Build configuration list for PBXNativeTarget "BottomSheetExample" */ = {
			isa = XCConfigurationList;
			buildConfigurations = (
				6C0BD47827DA862D000AF3CD /* Debug */,
				6C0BD47927DA862D000AF3CD /* Release */,
			);
			defaultConfigurationIsVisible = 0;
			defaultConfigurationName = Release;
		};
/* End XCConfigurationList section */

/* Begin XCRemoteSwiftPackageReference section */
		6C0B59EF27DAB989006D979A /* XCRemoteSwiftPackageReference "BottomSheet" */ = {
			isa = XCRemoteSwiftPackageReference;
			repositoryURL = "https://github.com/Wouter125/BottomSheet";
			requirement = {
				kind = upToNextMajorVersion;
				minimumVersion = 1.0.1;
			};
		};
/* End XCRemoteSwiftPackageReference section */

/* Begin XCSwiftPackageProductDependency section */
		6C0B59F027DAB989006D979A /* BottomSheet */ = {
			isa = XCSwiftPackageProductDependency;
			package = 6C0B59EF27DAB989006D979A /* XCRemoteSwiftPackageReference "BottomSheet" */;
			productName = BottomSheet;
		};
/* End XCSwiftPackageProductDependency section */
	};
	rootObject = 6C0BD46127DA862C000AF3CD /* Project object */;
}
